[[package]]
category = "main"
description = "A small python library for calculating the length of an arc"
name = "arc"
optional = false
python-versions = "*"
version = "1.0"

[[package]]
category = "main"
description = "yet another namedtuple alternative"
name = "compose-struct"
optional = false
python-versions = ">=3.5"
version = "0.8.0"

[[package]]
category = "main"
description = "rule-based algorithms converting Romanized text to original scripts"
name = "deromanize"
optional = false
python-versions = "*"
version = "0.9"

[metadata]
content-hash = "14ee5e7a0fc8282f8ba6736421eba63e1149dbc8ecb665c2b2e0cc4fc0ab8f9f"
python-versions = "^3.5"

[metadata.hashes]
arc = ["a2d7af9c0f1d42148c146b715b06e7803126dcb169b295d59802457f30867c4f", "e446dea93270532a33c0c2e92d184c102f21f6384789e7385b17ae804f847975"]
compose-struct = ["21efc91112cc3a9dfd3fb3d6d173b7f3a92302370c168d5bc91eaf429de76e1f", "d102c65c69a29b62ff1a3f5c51736d01ef46a509449490197ebb2de1b7bffe68"]
deromanize = ["a0899cb73a37f56e3d823bd860ef49c0362d5729f7d64b2bdf790c40835c56b4"]
